# THIS IS AN AUTOGENERATED FILE. DO NOT EDIT THIS FILE DIRECTLY.
# yarn lockfile v1


"@types/node@^7.0.31":
  version "7.0.31"
  resolved "https://registry.yarnpkg.com/@types/node/-/node-7.0.31.tgz#80ea4d175599b2a00149c29a10a4eb2dff592e86"

"@types/react-autosuggest@^8.0.1":
  version "8.0.1"
  resolved "https://registry.yarnpkg.com/@types/react-autosuggest/-/react-autosuggest-8.0.1.tgz#6706eadb36ac6ff7224604261cae4a485271ede8"
  dependencies:
    "@types/react" "*"

"@types/react-bootstrap@^0.0.50":
  version "0.0.50"
  resolved "https://registry.yarnpkg.com/@types/react-bootstrap/-/react-bootstrap-0.0.50.tgz#6ee89a458480620230c0e619af55d2ceb213c711"
  dependencies:
    "@types/react" "*"

"@types/react-datepicker@^0.46.0":
  version "0.46.0"
  resolved "https://registry.yarnpkg.com/@types/react-datepicker/-/react-datepicker-0.46.0.tgz#6eba5b490fddb5ce8b16796ec52f5efba9b11dfc"
  dependencies:
    "@types/react" "*"
    moment ">=2.14.0"

"@types/react-select@^1.0.45":
  version "1.0.47"
  resolved "https://registry.yarnpkg.com/@types/react-select/-/react-select-1.0.47.tgz#95fad6b502e2f0a839ea0d320ca6cbb809e73ab4"
  dependencies:
    "@types/react" "*"

"@types/react-virtualized@^9.7.0":
  version "9.7.0"
  resolved "https://registry.yarnpkg.com/@types/react-virtualized/-/react-virtualized-9.7.0.tgz#6660b63188120ffbf3294df800ef05f32cd9c835"
  dependencies:
    "@types/react" "*"

"@types/react@*", "@types/react@^15.0.28":
  version "15.0.28"
  resolved "https://registry.yarnpkg.com/@types/react/-/react-15.0.28.tgz#0120d64ca143b74196324ccbe132d09df48a8d46"

add-dom-event-listener@1.x:
  version "1.0.2"
  resolved "https://registry.yarnpkg.com/add-dom-event-listener/-/add-dom-event-listener-1.0.2.tgz#8faed2c41008721cf111da1d30d995b85be42bed"
  dependencies:
    object-assign "4.x"

asap@~2.0.3:
  version "2.0.5"
  resolved "https://registry.yarnpkg.com/asap/-/asap-2.0.5.tgz#522765b50c3510490e52d7dcfe085ef9ba96958f"

babel-runtime@6.x, babel-runtime@^6.11.6, babel-runtime@^6.23.0:
  version "6.23.0"
  resolved "https://registry.yarnpkg.com/babel-runtime/-/babel-runtime-6.23.0.tgz#0a9489f144de70efb3ce4300accdb329e2fc543b"
  dependencies:
    core-js "^2.4.0"
    regenerator-runtime "^0.10.0"

classnames@^2.2.3, classnames@^2.2.4, classnames@^2.2.5:
  version "2.2.5"
  resolved "https://registry.yarnpkg.com/classnames/-/classnames-2.2.5.tgz#fb3801d453467649ef3603c7d61a02bd129bde6d"

component-classes@^1.2.5:
  version "1.2.6"
  resolved "https://registry.yarnpkg.com/component-classes/-/component-classes-1.2.6.tgz#c642394c3618a4d8b0b8919efccbbd930e5cd691"
  dependencies:
    component-indexof "0.0.3"

component-indexof@0.0.3:
  version "0.0.3"
  resolved "https://registry.yarnpkg.com/component-indexof/-/component-indexof-0.0.3.tgz#11d091312239eb8f32c8f25ae9cb002ffe8d3c24"

core-js@^1.0.0:
  version "1.2.7"
  resolved "https://registry.yarnpkg.com/core-js/-/core-js-1.2.7.tgz#652294c14651db28fa93bd2d5ff2983a4f08c636"

core-js@^2.4.0:
  version "2.4.1"
  resolved "https://registry.yarnpkg.com/core-js/-/core-js-2.4.1.tgz#4de911e667b0eae9124e34254b53aea6fc618d3e"

create-react-class@15.x, create-react-class@^15.5.2, create-react-class@^15.5.x:
  version "15.5.4"
  resolved "https://registry.yarnpkg.com/create-react-class/-/create-react-class-15.5.4.tgz#188875cb15e2fbe4ca595b6f43eb0e4a1f00fe50"
  dependencies:
    fbjs "^0.8.9"
    loose-envify "^1.3.1"
    object-assign "^4.1.1"

css-animation@1.x:
  version "1.3.2"
  resolved "https://registry.yarnpkg.com/css-animation/-/css-animation-1.3.2.tgz#df515820ef5903733ad2db0999403b3037b8b880"
  dependencies:
    component-classes "^1.2.5"

dom-align@1.x:
  version "1.6.2"
  resolved "https://registry.yarnpkg.com/dom-align/-/dom-align-1.6.2.tgz#b14e64917c25de6b4055227339b4d64f4b7db885"

"dom-helpers@^2.4.0 || ^3.0.0", dom-helpers@^3.2.0:
  version "3.2.1"
  resolved "https://registry.yarnpkg.com/dom-helpers/-/dom-helpers-3.2.1.tgz#3203e07fed217bd1f424b019735582fc37b2825a"

encoding@^0.1.11:
  version "0.1.12"
  resolved "https://registry.yarnpkg.com/encoding/-/encoding-0.1.12.tgz#538b66f3ee62cd1ab51ec323829d1f9480c74beb"
  dependencies:
    iconv-lite "~0.4.13"

fbjs@^0.8.9:
  version "0.8.12"
  resolved "https://registry.yarnpkg.com/fbjs/-/fbjs-0.8.12.tgz#10b5d92f76d45575fd63a217d4ea02bea2f8ed04"
  dependencies:
    core-js "^1.0.0"
    isomorphic-fetch "^2.1.1"
    loose-envify "^1.0.0"
    object-assign "^4.1.0"
    promise "^7.1.1"
    setimmediate "^1.0.5"
    ua-parser-js "^0.7.9"

iconv-lite@~0.4.13:
  version "0.4.18"
  resolved "https://registry.yarnpkg.com/iconv-lite/-/iconv-lite-0.4.18.tgz#23d8656b16aae6742ac29732ea8f0336a4789cf2"

invariant@^2.1.0, invariant@^2.2.1:
  version "2.2.2"
  resolved "https://registry.yarnpkg.com/invariant/-/invariant-2.2.2.tgz#9e1f56ac0acdb6bf303306f338be3b204ae60360"
  dependencies:
    loose-envify "^1.0.0"

is-stream@^1.0.1:
  version "1.1.0"
  resolved "https://registry.yarnpkg.com/is-stream/-/is-stream-1.1.0.tgz#12d4a3dd4e68e0b79ceb8dbc84173ae80d91ca44"

isomorphic-fetch@^2.1.1:
  version "2.2.1"
  resolved "https://registry.yarnpkg.com/isomorphic-fetch/-/isomorphic-fetch-2.2.1.tgz#611ae1acf14f5e81f729507472819fe9733558a9"
  dependencies:
    node-fetch "^1.0.1"
    whatwg-fetch ">=0.10.0"

js-tokens@^3.0.0:
  version "3.0.1"
  resolved "https://registry.yarnpkg.com/js-tokens/-/js-tokens-3.0.1.tgz#08e9f132484a2c45a30907e9dc4d5567b7f114d7"

keycode@^2.1.2:
  version "2.1.9"
  resolved "https://registry.yarnpkg.com/keycode/-/keycode-2.1.9.tgz#964a23c54e4889405b4861a5c9f0480d45141dfa"

lodash._getnative@^3.0.0:
  version "3.9.1"
  resolved "https://registry.yarnpkg.com/lodash._getnative/-/lodash._getnative-3.9.1.tgz#570bc7dede46d61cdcde687d65d3eecbaa3aaff5"

lodash.isarguments@^3.0.0:
  version "3.1.0"
  resolved "https://registry.yarnpkg.com/lodash.isarguments/-/lodash.isarguments-3.1.0.tgz#2f573d85c6a24289ff00663b491c1d338ff3458a"

lodash.isarray@^3.0.0:
  version "3.0.4"
  resolved "https://registry.yarnpkg.com/lodash.isarray/-/lodash.isarray-3.0.4.tgz#79e4eb88c36a8122af86f844aa9bcd851b5fbb55"

lodash.keys@^3.1.2:
  version "3.1.2"
  resolved "https://registry.yarnpkg.com/lodash.keys/-/lodash.keys-3.1.2.tgz#4dbc0472b156be50a0b286855d1bd0b0c656098a"
  dependencies:
    lodash._getnative "^3.0.0"
    lodash.isarguments "^3.0.0"
    lodash.isarray "^3.0.0"

loose-envify@^1.0.0, loose-envify@^1.1.0, loose-envify@^1.3.0, loose-envify@^1.3.1:
  version "1.3.1"
  resolved "https://registry.yarnpkg.com/loose-envify/-/loose-envify-1.3.1.tgz#d1a8ad33fa9ce0e713d65fdd0ac8b748d478c848"
  dependencies:
    js-tokens "^3.0.0"

moment@>=2.14.0, moment@^2.17.1:
  version "2.18.1"
  resolved "https://registry.yarnpkg.com/moment/-/moment-2.18.1.tgz#c36193dd3ce1c2eed2adb7c802dbbc77a81b1c0f"

node-fetch@^1.0.1:
  version "1.7.1"
  resolved "https://registry.yarnpkg.com/node-fetch/-/node-fetch-1.7.1.tgz#899cb3d0a3c92f952c47f1b876f4c8aeabd400d5"
  dependencies:
    encoding "^0.1.11"
    is-stream "^1.0.1"

object-assign@4.x, object-assign@^4.1.0, object-assign@^4.1.1:
  version "4.1.1"
  resolved "https://registry.yarnpkg.com/object-assign/-/object-assign-4.1.1.tgz#2109adc7965887cfc05cbbd442cac8bfbb360863"

object-assign@^3.0.0:
  version "3.0.0"
  resolved "https://registry.yarnpkg.com/object-assign/-/object-assign-3.0.0.tgz#9bedd5ca0897949bca47e7ff408062d549f587f2"

promise@^7.1.1:
  version "7.1.1"
  resolved "https://registry.yarnpkg.com/promise/-/promise-7.1.1.tgz#489654c692616b8aa55b0724fa809bb7db49c5bf"
  dependencies:
    asap "~2.0.3"

prop-types@15.x, prop-types@^15.5.4, prop-types@^15.5.6, prop-types@^15.5.7, prop-types@^15.5.8:
  version "15.5.10"
  resolved "https://registry.yarnpkg.com/prop-types/-/prop-types-15.5.10.tgz#2797dfc3126182e3a95e3dfbb2e893ddd7456154"
  dependencies:
    fbjs "^0.8.9"
    loose-envify "^1.3.1"

rc-align@2.x:
  version "2.3.4"
  resolved "https://registry.yarnpkg.com/rc-align/-/rc-align-2.3.4.tgz#d83bdab7560f0142e72a3de1d495dab6ba225249"
  dependencies:
    dom-align "1.x"
    prop-types "^15.5.8"
    rc-util "4.x"

rc-animate@2.x:
  version "2.4.0"
  resolved "https://registry.yarnpkg.com/rc-animate/-/rc-animate-2.4.0.tgz#a51b47dadf8ad9af08cddfb5b0217bfa81aee803"
  dependencies:
    babel-runtime "6.x"
    css-animation "1.x"
    prop-types "15.x"

rc-slider@^8.1.2:
  version "8.1.2"
  resolved "https://registry.yarnpkg.com/rc-slider/-/rc-slider-8.1.2.tgz#68f4abd6d0c9337708db8c984b278fa6c821ef23"
  dependencies:
    babel-runtime "6.x"
    classnames "^2.2.5"
    prop-types "^15.5.4"
    rc-tooltip "^3.4.2"
    rc-util "^4.0.4"
    warning "^3.0.0"

rc-tooltip@^3.4.2:
  version "3.4.6"
  resolved "https://registry.yarnpkg.com/rc-tooltip/-/rc-tooltip-3.4.6.tgz#ed98de2a7b412e527c6bd8a2a97dddf0babd2f21"
  dependencies:
    babel-runtime "^6.23.0"
    prop-types "^15.5.8"
    rc-trigger "1.x"

rc-trigger@1.x:
  version "1.11.1"
  resolved "https://registry.yarnpkg.com/rc-trigger/-/rc-trigger-1.11.1.tgz#44ac58b74d684f4843e769ae37c07bda0a42407b"
  dependencies:
    babel-runtime "6.x"
    create-react-class "15.x"
    prop-types "15.x"
    rc-align "2.x"
    rc-animate "2.x"
    rc-util "4.x"

rc-util@4.x, rc-util@^4.0.4:
  version "4.0.4"
  resolved "https://registry.yarnpkg.com/rc-util/-/rc-util-4.0.4.tgz#99813dd90aee7e29b64939a70ac176ead3f4ff39"
  dependencies:
    add-dom-event-listener "1.x"
    babel-runtime "6.x"
    shallowequal "^0.2.2"

react-autosuggest@^9.0.1:
  version "9.0.1"
  resolved "https://registry.yarnpkg.com/react-autosuggest/-/react-autosuggest-9.0.1.tgz#b56eaf8fc3dd46d36b92c5395b6b07174bc10912"
  dependencies:
    prop-types "^15.5.8"
    react-autowhatever "^10.0.0"
    shallow-equal "^1.0.0"

react-autowhatever@^10.0.0:
  version "10.1.0"
  resolved "https://registry.yarnpkg.com/react-autowhatever/-/react-autowhatever-10.1.0.tgz#41f6d69382437d3447a0a3c8913bb8ca2feaabc1"
  dependencies:
    prop-types "^15.5.8"
    react-themeable "^1.1.0"
    section-iterator "^2.0.0"

react-bootstrap@^0.31.0:
  version "0.31.0"
  resolved "https://registry.yarnpkg.com/react-bootstrap/-/react-bootstrap-0.31.0.tgz#bbca804c0404d9c640102b2b656ae4cd5bea35c8"
  dependencies:
    babel-runtime "^6.11.6"
    classnames "^2.2.5"
    dom-helpers "^3.2.0"
    invariant "^2.2.1"
    keycode "^2.1.2"
    prop-types "^15.5.6"
    react-overlays "^0.7.0"
    react-prop-types "^0.4.0"
    uncontrollable "^4.1.0"
    warning "^3.0.0"

react-datepicker@^0.47.0:
  version "0.47.0"
  resolved "https://registry.yarnpkg.com/react-datepicker/-/react-datepicker-0.47.0.tgz#bb002929e870e6bd7c9a92f95d5cd7c95051f629"
  dependencies:
    classnames "^2.2.5"
    moment "^2.17.1"
    prop-types "^15.5.8"
    react-onclickoutside "^5.11.1"
    tether "^1.4.0"

react-input-autosize@^1.1.3:
  version "1.1.4"
  resolved "https://registry.yarnpkg.com/react-input-autosize/-/react-input-autosize-1.1.4.tgz#cbc45072d4084ddc57806db8e3b34e644b8366ac"
  dependencies:
    create-react-class "^15.5.2"
    prop-types "^15.5.8"

react-onclickoutside@^5.11.1:
  version "5.11.1"
  resolved "https://registry.yarnpkg.com/react-onclickoutside/-/react-onclickoutside-5.11.1.tgz#00314e52567cf55faba94cabbacd119619070623"
  dependencies:
    create-react-class "^15.5.x"

react-overlays@^0.7.0:
  version "0.7.0"
  resolved "https://registry.yarnpkg.com/react-overlays/-/react-overlays-0.7.0.tgz#531898ff566c7e5c7226ead2863b8cf9fbb5a981"
  dependencies:
    classnames "^2.2.5"
    dom-helpers "^3.2.0"
    prop-types "^15.5.8"
    react-prop-types "^0.4.0"
    warning "^3.0.0"

react-prop-types@^0.4.0:
  version "0.4.0"
  resolved "https://registry.yarnpkg.com/react-prop-types/-/react-prop-types-0.4.0.tgz#f99b0bfb4006929c9af2051e7c1414a5c75b93d0"
  dependencies:
    warning "^3.0.0"

react-select@^1.0.0-rc.2, react-select@^1.0.0-rc.5:
  version "1.0.0-rc.5"
  resolved "https://registry.yarnpkg.com/react-select/-/react-select-1.0.0-rc.5.tgz#9d316f252b1adc372ddb5cdf1f119c6b7cfdb5d6"
  dependencies:
    classnames "^2.2.4"
    create-react-class "^15.5.2"
    prop-types "^15.5.8"
    react-input-autosize "^1.1.3"

react-themeable@^1.1.0:
  version "1.1.0"
  resolved "https://registry.yarnpkg.com/react-themeable/-/react-themeable-1.1.0.tgz#7d4466dd9b2b5fa75058727825e9f152ba379a0e"
  dependencies:
    object-assign "^3.0.0"

react-virtualized-select@^3.0.1:
  version "3.0.1"
  resolved "https://registry.yarnpkg.com/react-virtualized-select/-/react-virtualized-select-3.0.1.tgz#7a9727849987c9d49bbbd8707a8254c4288a815a"
  dependencies:
    babel-runtime "^6.11.6"
    prop-types "^15.5.8"
    react-select "^1.0.0-rc.2"
    react-virtualized "^9.0.0"

react-virtualized@^9.0.0, react-virtualized@^9.8.0:
  version "9.8.0"
  resolved "https://registry.yarnpkg.com/react-virtualized/-/react-virtualized-9.8.0.tgz#7c1fe9b723ce39a1c4916cabe1c4f1bda5dbc04b"
  dependencies:
    babel-runtime "^6.11.6"
    classnames "^2.2.3"
    dom-helpers "^2.4.0 || ^3.0.0"
    loose-envify "^1.3.0"
    prop-types "^15.5.4"

react@^15.6.0:
  version "15.6.0"
  resolved "https://registry.yarnpkg.com/react/-/react-15.6.0.tgz#c23299b48e30ed302508ce89e1a02c919f826bce"
  dependencies:
    create-react-class "^15.5.2"
    fbjs "^0.8.9"
    loose-envify "^1.1.0"
    object-assign "^4.1.0"
    prop-types "^15.5.7"

regenerator-runtime@^0.10.0:
  version "0.10.5"
  resolved "https://registry.yarnpkg.com/regenerator-runtime/-/regenerator-runtime-0.10.5.tgz#336c3efc1220adcedda2c9fab67b5a7955a33658"

section-iterator@^2.0.0:
  version "2.0.0"
  resolved "https://registry.yarnpkg.com/section-iterator/-/section-iterator-2.0.0.tgz#bf444d7afeeb94ad43c39ad2fb26151627ccba2a"

setimmediate@^1.0.5:
  version "1.0.5"
  resolved "https://registry.yarnpkg.com/setimmediate/-/setimmediate-1.0.5.tgz#290cbb232e306942d7d7ea9b83732ab7856f8285"

shallow-equal@^1.0.0:
  version "1.0.0"
  resolved "https://registry.yarnpkg.com/shallow-equal/-/shallow-equal-1.0.0.tgz#508d1838b3de590ab8757b011b25e430900945f7"

shallowequal@^0.2.2:
  version "0.2.2"
  resolved "https://registry.yarnpkg.com/shallowequal/-/shallowequal-0.2.2.tgz#1e32fd5bcab6ad688a4812cb0cc04efc75c7014e"
  dependencies:
    lodash.keys "^3.1.2"

tether@^1.4.0:
  version "1.4.0"
  resolved "https://registry.yarnpkg.com/tether/-/tether-1.4.0.tgz#0f9fa171f75bf58485d8149e94799d7ae74d1c1a"

typescript@^2.3.4:
  version "2.3.4"
  resolved "https://registry.yarnpkg.com/typescript/-/typescript-2.3.4.tgz#3d38321828231e434f287514959c37a82b629f42"

ua-parser-js@^0.7.9:
  version "0.7.12"
  resolved "https://registry.yarnpkg.com/ua-parser-js/-/ua-parser-js-0.7.12.tgz#04c81a99bdd5dc52263ea29d24c6bf8d4818a4bb"

uncontrollable@^4.1.0:
  version "4.1.0"
  resolved "https://registry.yarnpkg.com/uncontrollable/-/uncontrollable-4.1.0.tgz#e0358291252e1865222d90939b19f2f49f81c1a9"
  dependencies:
    invariant "^2.1.0"

warning@^3.0.0:
  version "3.0.0"
  resolved "https://registry.yarnpkg.com/warning/-/warning-3.0.0.tgz#32e5377cb572de4ab04753bdf8821c01ed605b7c"
  dependencies:
    loose-envify "^1.0.0"

whatwg-fetch@>=0.10.0:
  version "2.0.3"
  resolved "https://registry.yarnpkg.com/whatwg-fetch/-/whatwg-fetch-2.0.3.tgz#9c84ec2dcf68187ff00bc64e1274b442176e1c84"
