# THIS IS AN AUTOGENERATED FILE. DO NOT EDIT THIS FILE DIRECTLY.
# yarn lockfile v1


"@types/node@^7.0.31":
  version "7.0.31"
  resolved "https://registry.yarnpkg.com/@types/node/-/node-7.0.31.tgz#80ea4d175599b2a00149c29a10a4eb2dff592e86"

"@types/rc-slider@^6.1.2":
  version "6.1.2"
  resolved "https://registry.yarnpkg.com/@types/rc-slider/-/rc-slider-6.1.2.tgz#bd4c2bb5b3c683446d3ff50bbdae24f672d7c1ae"
  dependencies:
    "@types/react" "*"

"@types/react-autosuggest@^8.0.1":
  version "8.0.1"
  resolved "https://registry.yarnpkg.com/@types/react-autosuggest/-/react-autosuggest-8.0.1.tgz#6706eadb36ac6ff7224604261cae4a485271ede8"
  dependencies:
    "@types/react" "*"

"@types/react-bootstrap@^0.0.50":
  version "0.0.50"
  resolved "https://registry.yarnpkg.com/@types/react-bootstrap/-/react-bootstrap-0.0.50.tgz#6ee89a458480620230c0e619af55d2ceb213c711"
  dependencies:
    "@types/react" "*"

"@types/react-datepicker@^0.46.0":
  version "0.46.0"
  resolved "https://registry.yarnpkg.com/@types/react-datepicker/-/react-datepicker-0.46.0.tgz#6eba5b490fddb5ce8b16796ec52f5efba9b11dfc"
  dependencies:
    "@types/react" "*"
    moment ">=2.14.0"

"@types/react-select@^1.0.45":
  version "1.0.47"
  resolved "https://registry.yarnpkg.com/@types/react-select/-/react-select-1.0.47.tgz#95fad6b502e2f0a839ea0d320ca6cbb809e73ab4"
  dependencies:
    "@types/react" "*"

"@types/react-virtualized@^9.7.0":
  version "9.7.0"
  resolved "https://registry.yarnpkg.com/@types/react-virtualized/-/react-virtualized-9.7.0.tgz#6660b63188120ffbf3294df800ef05f32cd9c835"
  dependencies:
    "@types/react" "*"

"@types/react@*", "@types/react@^15.0.28":
  version "15.0.28"
  resolved "https://registry.yarnpkg.com/@types/react/-/react-15.0.28.tgz#0120d64ca143b74196324ccbe132d09df48a8d46"

moment@>=2.14.0:
  version "2.18.1"
  resolved "https://registry.yarnpkg.com/moment/-/moment-2.18.1.tgz#c36193dd3ce1c2eed2adb7c802dbbc77a81b1c0f"
